
Microsoft Visual Studio Solution File, Format Version 12.00
# Visual Studio Version 16
VisualStudioVersion = 16.0.31829.152
MinimumVisualStudioVersion = 10.0.40219.1
Project("{FAE04EC0-301F-11D3-BF4B-00C04F79EFBC}") = "ConfigCompare", "ConfigCompare.csproj", "{EAF20303-2943-439E-97C6-3FC55C52038C}"
EndProject
Global
	GlobalSection(SolutionConfigurationPlatforms) = preSolution
		Debug|Any CPU = Debug|Any CPU
		Release|Any CPU = Release|Any CPU
	EndGlobalSection
	GlobalSection(ProjectConfigurationPlatforms) = postSolution
		{EAF20303-2943-439E-97C6-3FC55C52038C}.Debug|Any CPU.ActiveCfg = Debug|Any CPU
		{EAF20303-2943-439E-97C6-3FC55C52038C}.Debug|Any CPU.Build.0 = Debug|Any CPU
		{EAF20303-2943-439E-97C6-3FC55C52038C}.Release|Any CPU.ActiveCfg = Release|Any CPU
		{EAF20303-2943-439E-97C6-3FC55C52038C}.Release|Any CPU.Build.0 = Release|Any CPU
	EndGlobalSection
	GlobalSection(SolutionProperties) = preSolution
		HideSolutionNode = FALSE
	EndGlobalSection
	GlobalSection(ExtensibilityGlobals) = postSolution
		SolutionGuid = {8DF6B3D3-AB6C-4CBD-AE91-FA85A9A3D362}
	EndGlobalSection
EndGlobal
